
Microsoft Visual Studio Solution File, Format Version 12.00
# Visual Studio Version 17
VisualStudioVersion = 17.13.35931.197 d17.13
MinimumVisualStudioVersion = 10.0.40219.1
Project("{FAE04EC0-301F-11D3-BF4B-00C04F79EFBC}") = "jcevallosS2", "jcevallosS2.csproj", "{4CBE5C72-0DDB-4104-87E2-754E25F2D4D5}"
EndProject
Global
	GlobalSection(SolutionConfigurationPlatforms) = preSolution
		Debug|Any CPU = Debug|Any CPU
		Release|Any CPU = Release|Any CPU
	EndGlobalSection
	GlobalSection(ProjectConfigurationPlatforms) = postSolution
		{4CBE5C72-0DDB-4104-87E2-754E25F2D4D5}.Debug|Any CPU.ActiveCfg = Debug|Any CPU
		{4CBE5C72-0DDB-4104-87E2-754E25F2D4D5}.Debug|Any CPU.Build.0 = Debug|Any CPU
		{4CBE5C72-0DDB-4104-87E2-754E25F2D4D5}.Release|Any CPU.ActiveCfg = Release|Any CPU
		{4CBE5C72-0DDB-4104-87E2-754E25F2D4D5}.Release|Any CPU.Build.0 = Release|Any CPU
	EndGlobalSection
	GlobalSection(SolutionProperties) = preSolution
		HideSolutionNode = FALSE
	EndGlobalSection
	GlobalSection(ExtensibilityGlobals) = postSolution
		SolutionGuid = {0B1A4B74-1C28-4740-A8EF-9CC5718BD928}
	EndGlobalSection
EndGlobal
